
Microsoft Visual Studio Solution File, Format Version 12.00
# Visual Studio Version 17
VisualStudioVersion = 17.14.36203.30
MinimumVisualStudioVersion = 10.0.40219.1
Project("{FAE04EC0-301F-11D3-BF4B-00C04F79EFBC}") = "Reservation_System", "Reservation_System\Reservation_System.csproj", "{8393409D-3117-42D0-ABFB-45891F22F79C}"
EndProject
Project("{FAE04EC0-301F-11D3-BF4B-00C04F79EFBC}") = "Reservetion_System.Client", "Reservetion_System.Client\Reservetion_System.Client.csproj", "{81342EAF-3E4F-4AF6-89BF-BAFA48EE119A}"
EndProject
Project("{FAE04EC0-301F-11D3-BF4B-00C04F79EFBC}") = "Reservation_SystemWPF", "Reservation_SystemWPF\Reservation_SystemWPF.csproj", "{AC9C320C-4CE2-4F45-9075-5CD45530B197}"
EndProject
Global
	GlobalSection(SolutionConfigurationPlatforms) = preSolution
		Debug|Any CPU = Debug|Any CPU
		Release|Any CPU = Release|Any CPU
	EndGlobalSection
	GlobalSection(ProjectConfigurationPlatforms) = postSolution
		{8393409D-3117-42D0-ABFB-45891F22F79C}.Debug|Any CPU.ActiveCfg = Debug|Any CPU
		{8393409D-3117-42D0-ABFB-45891F22F79C}.Debug|Any CPU.Build.0 = Debug|Any CPU
		{8393409D-3117-42D0-ABFB-45891F22F79C}.Release|Any CPU.ActiveCfg = Release|Any CPU
		{8393409D-3117-42D0-ABFB-45891F22F79C}.Release|Any CPU.Build.0 = Release|Any CPU
		{81342EAF-3E4F-4AF6-89BF-BAFA48EE119A}.Debug|Any CPU.ActiveCfg = Debug|Any CPU
		{81342EAF-3E4F-4AF6-89BF-BAFA48EE119A}.Debug|Any CPU.Build.0 = Debug|Any CPU
		{81342EAF-3E4F-4AF6-89BF-BAFA48EE119A}.Release|Any CPU.ActiveCfg = Release|Any CPU
		{81342EAF-3E4F-4AF6-89BF-BAFA48EE119A}.Release|Any CPU.Build.0 = Release|Any CPU
		{AC9C320C-4CE2-4F45-9075-5CD45530B197}.Debug|Any CPU.ActiveCfg = Debug|Any CPU
		{AC9C320C-4CE2-4F45-9075-5CD45530B197}.Debug|Any CPU.Build.0 = Debug|Any CPU
		{AC9C320C-4CE2-4F45-9075-5CD45530B197}.Release|Any CPU.ActiveCfg = Release|Any CPU
		{AC9C320C-4CE2-4F45-9075-5CD45530B197}.Release|Any CPU.Build.0 = Release|Any CPU
	EndGlobalSection
	GlobalSection(SolutionProperties) = preSolution
		HideSolutionNode = FALSE
	EndGlobalSection
	GlobalSection(ExtensibilityGlobals) = postSolution
		SolutionGuid = {FA3088A1-9B81-45EE-A14D-A8A2C3FC1130}
	EndGlobalSection
EndGlobal
